
Microsoft Visual Studio Solution File, Format Version 12.00
# Visual Studio Version 17
VisualStudioVersion = 17.2.32602.215
MinimumVisualStudioVersion = 10.0.40219.1
Project("{9A19103F-16F7-4668-BE54-9A1E7A4F7556}") = "Pharmacy", "Pharmacy\Pharmacy.csproj", "{8D4A28A8-724E-46E2-8762-2B3506E39746}"
EndProject
Project("{FAE04EC0-301F-11D3-BF4B-00C04F79EFBC}") = "E_Pharmacy", "E_Pharmacy\E_Pharmacy.csproj", "{D540621B-65F4-42D4-9BB7-14E01A815A3F}"
EndProject
Global
	GlobalSection(SolutionConfigurationPlatforms) = preSolution
		Debug|Any CPU = Debug|Any CPU
		Release|Any CPU = Release|Any CPU
	EndGlobalSection
	GlobalSection(ProjectConfigurationPlatforms) = postSolution
		{8D4A28A8-724E-46E2-8762-2B3506E39746}.Debug|Any CPU.ActiveCfg = Debug|Any CPU
		{8D4A28A8-724E-46E2-8762-2B3506E39746}.Debug|Any CPU.Build.0 = Debug|Any CPU
		{8D4A28A8-724E-46E2-8762-2B3506E39746}.Release|Any CPU.ActiveCfg = Release|Any CPU
		{8D4A28A8-724E-46E2-8762-2B3506E39746}.Release|Any CPU.Build.0 = Release|Any CPU
		{D540621B-65F4-42D4-9BB7-14E01A815A3F}.Debug|Any CPU.ActiveCfg = Debug|Any CPU
		{D540621B-65F4-42D4-9BB7-14E01A815A3F}.Debug|Any CPU.Build.0 = Debug|Any CPU
		{D540621B-65F4-42D4-9BB7-14E01A815A3F}.Release|Any CPU.ActiveCfg = Release|Any CPU
		{D540621B-65F4-42D4-9BB7-14E01A815A3F}.Release|Any CPU.Build.0 = Release|Any CPU
	EndGlobalSection
	GlobalSection(SolutionProperties) = preSolution
		HideSolutionNode = FALSE
	EndGlobalSection
	GlobalSection(ExtensibilityGlobals) = postSolution
		SolutionGuid = {704D0493-C2DD-4DE3-A28E-6D3A8957F2E8}
	EndGlobalSection
EndGlobal
